Microsoft Visual Studio Solution File, Format Version 12.00
# Visual Studio Version 17
VisualStudioVersion = 17.12.35506.116
MinimumVisualStudioVersion = 10.0.40219.1
Project("{FAE04EC0-301F-11D3-BF4B-00C04F79EFBC}") = "AutoClicker.App", "src\AutoClicker.App\AutoClicker.App.csproj", "{C3B63A6B-4F6E-4B89-AE47-8A56A0BCDA65}"
EndProject
Project("{FAE04EC0-301F-11D3-BF4B-00C04F79EFBC}") = "AutoClicker.Core", "src\AutoClicker.Core\AutoClicker.Core.csproj", "{0C7F1A80-1103-47E8-8A08-D6C0E3F5A9C1}"
EndProject
Project("{FAE04EC0-301F-11D3-BF4B-00C04F79EFBC}") = "AutoClicker.Infrastructure.Windows", "src\AutoClicker.Infrastructure.Windows\AutoClicker.Infrastructure.Windows.csproj", "{0D0A59D6-B6EA-4A03-9F1A-29E651ED4E77}"
EndProject
Project("{FAE04EC0-301F-11D3-BF4B-00C04F79EFBC}") = "AutoClicker.Core.Tests", "tests\AutoClicker.Core.Tests\AutoClicker.Core.Tests.csproj", "{FA5C4A7F-11E8-4D8C-8F5B-3C63A54A2D43}"
EndProject
Project("{FAE04EC0-301F-11D3-BF4B-00C04F79EFBC}") = "AutoClicker.Infrastructure.Windows.Tests", "tests\AutoClicker.Infrastructure.Windows.Tests\AutoClicker.Infrastructure.Windows.Tests.csproj", "{1B9DD3AA-9A9C-4A1A-82A4-0A083D6D7690}"
EndProject
Global
	GlobalSection(SolutionConfigurationPlatforms) = preSolution
		Debug|Any CPU = Debug|Any CPU
		Release|Any CPU = Release|Any CPU
	EndGlobalSection
	GlobalSection(ProjectConfigurationPlatforms) = postSolution
		{C3B63A6B-4F6E-4B89-AE47-8A56A0BCDA65}.Debug|Any CPU.ActiveCfg = Debug|Any CPU
		{C3B63A6B-4F6E-4B89-AE47-8A56A0BCDA65}.Debug|Any CPU.Build.0 = Debug|Any CPU
		{C3B63A6B-4F6E-4B89-AE47-8A56A0BCDA65}.Release|Any CPU.ActiveCfg = Release|Any CPU
		{C3B63A6B-4F6E-4B89-AE47-8A56A0BCDA65}.Release|Any CPU.Build.0 = Release|Any CPU
		{0C7F1A80-1103-47E8-8A08-D6C0E3F5A9C1}.Debug|Any CPU.ActiveCfg = Debug|Any CPU
		{0C7F1A80-1103-47E8-8A08-D6C0E3F5A9C1}.Debug|Any CPU.Build.0 = Debug|Any CPU
		{0C7F1A80-1103-47E8-8A08-D6C0E3F5A9C1}.Release|Any CPU.ActiveCfg = Release|Any CPU
		{0C7F1A80-1103-47E8-8A08-D6C0E3F5A9C1}.Release|Any CPU.Build.0 = Release|Any CPU
		{0D0A59D6-B6EA-4A03-9F1A-29E651ED4E77}.Debug|Any CPU.ActiveCfg = Debug|Any CPU
		{0D0A59D6-B6EA-4A03-9F1A-29E651ED4E77}.Debug|Any CPU.Build.0 = Debug|Any CPU
		{0D0A59D6-B6EA-4A03-9F1A-29E651ED4E77}.Release|Any CPU.ActiveCfg = Release|Any CPU
		{0D0A59D6-B6EA-4A03-9F1A-29E651ED4E77}.Release|Any CPU.Build.0 = Release|Any CPU
		{FA5C4A7F-11E8-4D8C-8F5B-3C63A54A2D43}.Debug|Any CPU.ActiveCfg = Debug|Any CPU
		{FA5C4A7F-11E8-4D8C-8F5B-3C63A54A2D43}.Debug|Any CPU.Build.0 = Debug|Any CPU
		{FA5C4A7F-11E8-4D8C-8F5B-3C63A54A2D43}.Release|Any CPU.ActiveCfg = Release|Any CPU
		{FA5C4A7F-11E8-4D8C-8F5B-3C63A54A2D43}.Release|Any CPU.Build.0 = Release|Any CPU
		{1B9DD3AA-9A9C-4A1A-82A4-0A083D6D7690}.Debug|Any CPU.ActiveCfg = Debug|Any CPU
		{1B9DD3AA-9A9C-4A1A-82A4-0A083D6D7690}.Debug|Any CPU.Build.0 = Debug|Any CPU
		{1B9DD3AA-9A9C-4A1A-82A4-0A083D6D7690}.Release|Any CPU.ActiveCfg = Release|Any CPU
		{1B9DD3AA-9A9C-4A1A-82A4-0A083D6D7690}.Release|Any CPU.Build.0 = Release|Any CPU
	EndGlobalSection
	GlobalSection(SolutionProperties) = preSolution
		HideSolutionNode = FALSE
	EndGlobalSection
EndGlobal
